# This file was autogenerated by Stack.
# You should not edit this file by hand.
# For more information, please see the documentation at:
#   https://docs.haskellstack.org/en/stable/lock_files

packages:
- completed:
    hackage: massiv-1.0.1.0@sha256:1928631be134df9b01a35d5f64cc6b5fbe4b7407c9ffca18131addd8b5dc0278,4906
    pantry-tree:
      size: 3992
      sha256: 81c2ef764f81aab2024b844fdb7385eef5a69f75e75604e4fb422729f1561d62
  original:
    hackage: massiv-1.0.1.0@sha256:1928631be134df9b01a35d5f64cc6b5fbe4b7407c9ffca18131addd8b5dc0278,4906
- completed:
    hackage: massiv-io-1.0.0.1@sha256:36772f6a178514458cc68a7d5079d0c6d34321ad394ec9046e2676a2c665e831,4123
    pantry-tree:
      size: 2023
      sha256: 0182e62b51787c9fc09ebd3ce00b32f6b64b19de79ebff43abf1248883b98639
  original:
    hackage: massiv-io-1.0.0.1@sha256:36772f6a178514458cc68a7d5079d0c6d34321ad394ec9046e2676a2c665e831,4123
- completed:
    hackage: cuda-0.11.0.0@sha256:4e572a36f9ed3d2f8b40d6ce582b98b9ee0f499ed4ef1e88a33bb691e5be28c7,5654
    pantry-tree:
      size: 3857
      sha256: 17c3c8916aebd4e410df940c1d114843dab4e449715aeba8ea869d1e8d423bb5
  original:
    hackage: cuda-0.11.0.0
- completed:
    hackage: Color-0.3.3@sha256:857fd235bdc50411586d035f59829c7c7b9326f61d19847f1bc76c36714e701a,8737
    pantry-tree:
      size: 17099
      sha256: c9457c1aeace0795d64988461953448d272e1f147ae2ffc10ae0ba0f0b2e560a
  original:
    hackage: Color-0.3.3@sha256:857fd235bdc50411586d035f59829c7c7b9326f61d19847f1bc76c36714e701a,8737
- completed:
    hackage: JuicyPixels-3.3.6@sha256:03bd32c3a884ac8a32f49334f14695469a710945c84cef9a1e059a79ac416996,3911
    pantry-tree:
      size: 2724
      sha256: f3eb1f6b74e326849d949458f734cf8a0a93525bdad3871c23d76ac321697457
  original:
    hackage: JuicyPixels-3.3.6@sha256:03bd32c3a884ac8a32f49334f14695469a710945c84cef9a1e059a79ac416996,3911
- completed:
    hackage: OpenCL-1.0.3.4@sha256:ef90f955632749353251887ce66357c5ed8e98e8b437ff91ce406ae9187f3953,2590
    pantry-tree:
      size: 1773
      sha256: 921f93db2ec034c3098abcd695f895f485b6d1b975127160bd2e35225cc7d990
  original:
    hackage: OpenCL-1.0.3.4@sha256:ef90f955632749353251887ce66357c5ed8e98e8b437ff91ce406ae9187f3953,2590
- completed:
    hackage: scheduler-2.0.0.1@sha256:3e36c5a50536d20f03320defd64e3d3adb6309b471ae048efda7df9d54361308,2556
    pantry-tree:
      size: 922
      sha256: ea28f2ff7a4b31088bc3f3b299e1f425916b1cc369735846d69c4a22bcbab743
  original:
    hackage: scheduler-2.0.0.1@sha256:3e36c5a50536d20f03320defd64e3d3adb6309b471ae048efda7df9d54361308,2556
snapshots:
- completed:
    size: 587113
    url: https://raw.githubusercontent.com/commercialhaskell/stackage-snapshots/master/lts/18/7.yaml
    sha256: c8617e042150e4bf412d011c234aba6189f789d0cd2bd4f1a1a9ca9a0ef5d042
  original:
    url: https://raw.githubusercontent.com/commercialhaskell/stackage-snapshots/master/lts/18/7.yaml
